%{
  "certifi": {:hex, :certifi, "2.0.0", "a0c0e475107135f76b8c1d5bc7efb33cd3815cb3cf3dea7aefdd174dabead064", [:rebar3], []},
  "ex2ms": {:hex, :ex2ms, "1.5.0", "19e27f9212be9a96093fed8cdfbef0a2b56c21237196d26760f11dfcfae58e97", [:mix], []},
  "ex_shards": {:hex, :ex_shards, "0.2.1", "65c14d5ae71d6c4b617531f29923f8e57007e5b9874c100a11163c55ec0c7b21", [:mix], [{:ex2ms, "~> 1.4", [hex: :ex2ms, optional: false]}, {:shards, "~> 0.5", [hex: :shards, optional: false]}]},
  "hackney": {:hex, :hackney, "1.11.0", "4951ee019df102492dabba66a09e305f61919a8a183a7860236c0fde586134b6", [:rebar3], [{:certifi, "2.0.0", [hex: :certifi, optional: false]}, {:idna, "5.1.0", [hex: :idna, optional: false]}, {:metrics, "1.0.1", [hex: :metrics, optional: false]}, {:mimerl, "1.0.2", [hex: :mimerl, optional: false]}, {:ssl_verify_fun, "1.1.1", [hex: :ssl_verify_fun, optional: false]}]},
  "httpoison": {:hex, :httpoison, "1.0.0", "1f02f827148d945d40b24f0b0a89afe40bfe037171a6cf70f2486976d86921cd", [:mix], [{:hackney, "~> 1.8", [hex: :hackney, optional: false]}]},
  "idna": {:hex, :idna, "5.1.0", "d72b4effeb324ad5da3cab1767cb16b17939004e789d8c0ad5b70f3cea20c89a", [:rebar3], [{:unicode_util_compat, "0.3.1", [hex: :unicode_util_compat, optional: false]}]},
  "metrics": {:hex, :metrics, "1.0.1", "25f094dea2cda98213cecc3aeff09e940299d950904393b2a29d191c346a8486", [:rebar3], []},
  "mimerl": {:hex, :mimerl, "1.0.2", "993f9b0e084083405ed8252b99460c4f0563e41729ab42d9074fd5e52439be88", [:rebar3], []},
  "nebulex": {:hex, :nebulex, "1.0.0-rc.3", "466075e1060f9dc523c72ae8f723608330aed161efa65fa2d8fb5533fb87de0b", [:mix], [{:ex_shards, "~> 0.2", [hex: :ex_shards, optional: false]}]},
  "poison": {:hex, :poison, "3.1.0", "d9eb636610e096f86f25d9a46f35a9facac35609a7591b3be3326e99a0484665", [:mix], []},
  "shards": {:hex, :shards, "0.5.0", "2780002307ccf250368a067d59b364e7cf1af1c788a9f60b490d199a6028b6de", [:make, :rebar3], []},
  "ssl_verify_fun": {:hex, :ssl_verify_fun, "1.1.1", "28a4d65b7f59893bc2c7de786dec1e1555bd742d336043fe644ae956c3497fbe", [:make, :rebar], []},
  "unicode_util_compat": {:hex, :unicode_util_compat, "0.3.1", "a1f612a7b512638634a603c8f401892afbf99b8ce93a45041f8aaca99cadb85e", [:rebar3], []},
}
